NeoBundleLock vim-css3-syntax 6420c0bf01df9111f15954919b7dd8868f3d5b87
NeoBundleLock VimClojure 2a17c249571395a7f45523d38cac6a9326ecf8f1
NeoBundleLock open-browser.vim 8ef61cf4d50fecc88fa1242d5e8539e33ecdb502
NeoBundleLock Wombat 600a27a126a32a1c7fd5d46727c2bb488d8e7465
NeoBundleLock molokai db8ce13b3737d3ddea8368498183d7c204a762eb
NeoBundleLock twilight 61d8d3e49507ae69d32951d63edf9755c87f4da6
NeoBundleLock vim-lucius cf17795635120fb304f86578f902d66bb91b4978
NeoBundleLock unite.vim 10deba49809a0a4905a885ef36fc77d85f7f6923
NeoBundleLock neosnippet-snippets 2b8a3fb4f429be5c58ae7d4097eb2f1bc67aae9d
NeoBundleLock vimshell 2c319d3d7362d2a30b4b8864e27a65ecff2db41a
NeoBundleLock vim-railscasts-theme 9035daff38dbbd30229890f26e54d9a7a71deca3
NeoBundleLock rdark cca9bf19977a587b846c10a4f0d16688e57138bb
NeoBundleLock vim-distinguished 62b360dc81355b53d124cd06218a9ba2496563fc
NeoBundleLock syntastic 017d89a4701066f460f991ed88eb658ebe737a86
NeoBundleLock vim-surround fa433e0b7330753688f715f3be5d10dc480f20e5
NeoBundleLock emmet-vim 920904c53b1b426f83a4ad9729e004ac19675f50
NeoBundleLock vim-vividchalk fd696065c7b27e8fca91907ba51151a887c36803
NeoBundleLock python-mode a05d77faea3b30ebaab9b02c2cc3eff79f881fb7
NeoBundleLock jellybeans.vim 0761708c890becd3e027551068e0ae272da003e0
NeoBundleLock vimproc 3e055023dfab4f5a4dfa05a834f9d0cb7294a82e
NeoBundleLock vim-javascript f8122fd1caca68b2592553e43dad45b3dc445a06
NeoBundleLock neosnippet ee1246a61bb757019fa16596a8dd1ad63c83f158
NeoBundleLock vim-colors-solarized 528a59f26d12278698bb946f8fb82a63711eec21
NeoBundleLock vim-quickrun ae97cef42ae142306e9431dce9ab97c4353e5254
NeoBundleLock neocomplcache 237442924ac366015e6e0a8a13a31ac37be0c696
NeoBundleLock Markdown 1aaa626022aac8fdf75cd62ac193f7304e160ea8
NeoBundleLock neobundle.vim 00969e5ed2c6fe5d6e7d3c843370aae9c085bd2d
NeoBundleLock vim-slime d549e80f33270d8f82a4d475e0e16cac6997fdcd
NeoBundleLock html5.vim 597c3e8856dbec32df17113ddffd47a543417772
NeoBundleLock vim-hybrid 471b235306b94850a3c6b1d2d9e5203e9919c15e
NeoBundleLock winime.vim c3ace42d2792e2d4aafb55d1ad55566d6fc262ae
